
Microsoft Visual Studio Solution File, Format Version 12.00
# Visual Studio Version 17
VisualStudioVersion = 17.11.35303.130
MinimumVisualStudioVersion = 10.0.40219.1
Project("{FAE04EC0-301F-11D3-BF4B-00C04F79EFBC}") = "DB", "DB\DB.csproj", "{B01AFC0D-29E4-4509-8DC5-759913A9CDFB}"
EndProject
Global
	GlobalSection(SolutionConfigurationPlatforms) = preSolution
		Debug|Any CPU = Debug|Any CPU
		Release|Any CPU = Release|Any CPU
	EndGlobalSection
	GlobalSection(ProjectConfigurationPlatforms) = postSolution
		{B01AFC0D-29E4-4509-8DC5-759913A9CDFB}.Debug|Any CPU.ActiveCfg = Debug|Any CPU
		{B01AFC0D-29E4-4509-8DC5-759913A9CDFB}.Debug|Any CPU.Build.0 = Debug|Any CPU
		{B01AFC0D-29E4-4509-8DC5-759913A9CDFB}.Release|Any CPU.ActiveCfg = Release|Any CPU
		{B01AFC0D-29E4-4509-8DC5-759913A9CDFB}.Release|Any CPU.Build.0 = Release|Any CPU
	EndGlobalSection
	GlobalSection(SolutionProperties) = preSolution
		HideSolutionNode = FALSE
	EndGlobalSection
	GlobalSection(ExtensibilityGlobals) = postSolution
		SolutionGuid = {D8B82F00-9633-40FC-BAE5-5BD5F394E30F}
	EndGlobalSection
EndGlobal
